
Microsoft Visual Studio Solution File, Format Version 12.00
# Visual Studio Version 17
VisualStudioVersion = 17.3.32825.248
MinimumVisualStudioVersion = 10.0.40219.1
Project("{FAE04EC0-301F-11D3-BF4B-00C04F79EFBC}") = "Готовый калькулятор", "Готовый калькулятор\Готовый калькулятор.csproj", "{99333043-DBCE-4193-A5DF-45DD1DC9BA32}"
EndProject
Global
	GlobalSection(SolutionConfigurationPlatforms) = preSolution
		Debug|Any CPU = Debug|Any CPU
		Release|Any CPU = Release|Any CPU
	EndGlobalSection
	GlobalSection(ProjectConfigurationPlatforms) = postSolution
		{99333043-DBCE-4193-A5DF-45DD1DC9BA32}.Debug|Any CPU.ActiveCfg = Debug|Any CPU
		{99333043-DBCE-4193-A5DF-45DD1DC9BA32}.Debug|Any CPU.Build.0 = Debug|Any CPU
		{99333043-DBCE-4193-A5DF-45DD1DC9BA32}.Release|Any CPU.ActiveCfg = Release|Any CPU
		{99333043-DBCE-4193-A5DF-45DD1DC9BA32}.Release|Any CPU.Build.0 = Release|Any CPU
	EndGlobalSection
	GlobalSection(SolutionProperties) = preSolution
		HideSolutionNode = FALSE
	EndGlobalSection
	GlobalSection(ExtensibilityGlobals) = postSolution
		SolutionGuid = {627DA70C-8630-4FC1-89D2-1310BDAC3EB2}
	EndGlobalSection
EndGlobal
